github.com/fooofei/stdr v0.2.0 h1:u0i4410faS3UbEr2lfMlx9U/NoPaAryAfG7Ob35HUNY=
github.com/fooofei/stdr v0.2.0/go.mod h1:abevnKp7Nx7ltAxHIJiEysn0Y3AztVpGbIsY7836oug=
github.com/fooofei/stdr v0.4.0 h1:56nAaOY7fQM6ALqqG/xyO490kJ9vIslf1XrtLxJZmjo=
github.com/fooofei/stdr v0.4.0/go.mod h1:abevnKp7Nx7ltAxHIJiEysn0Y3AztVpGbIsY7836oug=
github.com/go-logr/logr v0.4.0 h1:K7/B1jt6fIBQVd4Owv2MqGQClcgf0R266+7C/QjRcLc=
github.com/go-logr/logr v0.4.0/go.mod h1:z6/tIYblkpsD+a4lm/fGIIU9mZ+XfAiaFtq7xTgseGU=
github.com/go-logr/logr v1.2.2 h1:ahHml/yUpnlb96Rp8HCvtYVPY8ZYpxq3g7UYchIYwbs=
github.com/go-logr/logr v1.2.2/go.mod h1:jdQByPbusPIv2/zmleS9BjJVeZ6kBagPoEUsqbVz/1A=
